
Microsoft Visual Studio Solution File, Format Version 12.00
# Visual Studio 15
VisualStudioVersion = 15.0.28307.902
MinimumVisualStudioVersion = 10.0.40219.1
Project("{9A19103F-16F7-4668-BE54-9A1E7A4F7556}") = "UCM.Api", "UCM.Api\UCM.Api.csproj", "{7CA262A1-DFC3-43E7-941A-0D646ECC599A}"
EndProject
Project("{FAE04EC0-301F-11D3-BF4B-00C04F79EFBC}") = "UCM.Domain", "UCM.Domain\UCM.Domain.csproj", "{448D883F-4865-459A-85B5-C4EA5FAA9F66}"
EndProject
Project("{FAE04EC0-301F-11D3-BF4B-00C04F79EFBC}") = "UCM.Business", "UCM.Business\UCM.Business.csproj", "{C9DB58E4-7840-4320-975A-087110BA8461}"
EndProject
Project("{FAE04EC0-301F-11D3-BF4B-00C04F79EFBC}") = "UCM.Persistance", "UCM.Persistance\UCM.Persistance.csproj", "{D49DC2F9-4AAF-40BB-B788-F52D5D854323}"
EndProject
Global
	GlobalSection(SolutionConfigurationPlatforms) = preSolution
		Debug|Any CPU = Debug|Any CPU
		Release|Any CPU = Release|Any CPU
	EndGlobalSection
	GlobalSection(ProjectConfigurationPlatforms) = postSolution
		{7CA262A1-DFC3-43E7-941A-0D646ECC599A}.Debug|Any CPU.ActiveCfg = Debug|Any CPU
		{7CA262A1-DFC3-43E7-941A-0D646ECC599A}.Debug|Any CPU.Build.0 = Debug|Any CPU
		{7CA262A1-DFC3-43E7-941A-0D646ECC599A}.Release|Any CPU.ActiveCfg = Release|Any CPU
		{7CA262A1-DFC3-43E7-941A-0D646ECC599A}.Release|Any CPU.Build.0 = Release|Any CPU
		{448D883F-4865-459A-85B5-C4EA5FAA9F66}.Debug|Any CPU.ActiveCfg = Debug|Any CPU
		{448D883F-4865-459A-85B5-C4EA5FAA9F66}.Debug|Any CPU.Build.0 = Debug|Any CPU
		{448D883F-4865-459A-85B5-C4EA5FAA9F66}.Release|Any CPU.ActiveCfg = Release|Any CPU
		{448D883F-4865-459A-85B5-C4EA5FAA9F66}.Release|Any CPU.Build.0 = Release|Any CPU
		{C9DB58E4-7840-4320-975A-087110BA8461}.Debug|Any CPU.ActiveCfg = Debug|Any CPU
		{C9DB58E4-7840-4320-975A-087110BA8461}.Debug|Any CPU.Build.0 = Debug|Any CPU
		{C9DB58E4-7840-4320-975A-087110BA8461}.Release|Any CPU.ActiveCfg = Release|Any CPU
		{C9DB58E4-7840-4320-975A-087110BA8461}.Release|Any CPU.Build.0 = Release|Any CPU
		{D49DC2F9-4AAF-40BB-B788-F52D5D854323}.Debug|Any CPU.ActiveCfg = Debug|Any CPU
		{D49DC2F9-4AAF-40BB-B788-F52D5D854323}.Debug|Any CPU.Build.0 = Debug|Any CPU
		{D49DC2F9-4AAF-40BB-B788-F52D5D854323}.Release|Any CPU.ActiveCfg = Release|Any CPU
		{D49DC2F9-4AAF-40BB-B788-F52D5D854323}.Release|Any CPU.Build.0 = Release|Any CPU
	EndGlobalSection
	GlobalSection(SolutionProperties) = preSolution
		HideSolutionNode = FALSE
	EndGlobalSection
	GlobalSection(ExtensibilityGlobals) = postSolution
		SolutionGuid = {675CC928-9F24-4E15-8592-7A34ACB3BC83}
	EndGlobalSection
EndGlobal
